<?xml version="1.0" encoding="utf-8"?>
<Project ToolsVersion="4.0" xmlns="http://schemas.microsoft.com/developer/msbuild/2003">
  <ItemGroup>
    <Filter Include="源文件">
      <UniqueIdentifier>{4FC737F1-C7A5-4376-A066-2A32D752A2FF}</UniqueIdentifier>
      <Extensions>cpp;c;cc;cxx;def;odl;idl;hpj;bat;asm;asmx</Extensions>
    </Filter>
    <Filter Include="头文件">
      <UniqueIdentifier>{93995380-89BD-4b04-88EB-625FBE52EBFB}</UniqueIdentifier>
      <Extensions>h;hh;hpp;hxx;hm;inl;inc;ipp;xsd</Extensions>
    </Filter>
    <Filter Include="资源文件">
      <UniqueIdentifier>{67DA6AB6-F800-4c08-8B7A-83BB121AAD01}</UniqueIdentifier>
      <Extensions>rc;ico;cur;bmp;dlg;rc2;rct;bin;rgs;gif;jpg;jpeg;jpe;resx;tiff;tif;png;wav;mfcribbon-ms</Extensions>
    </Filter>
    <Filter Include="头文件\坦克相关类">
      <UniqueIdentifier>{15e0b4f9-4586-40c4-aed3-8725f03129ea}</UniqueIdentifier>
    </Filter>
    <Filter Include="头文件\生成器">
      <UniqueIdentifier>{5ff8d411-1d51-42b6-9554-f9be7ab7cb0f}</UniqueIdentifier>
    </Filter>
    <Filter Include="资源文件\图片资源">
      <UniqueIdentifier>{5b47ac20-a562-47f9-b405-75a043f362f9}</UniqueIdentifier>
    </Filter>
  </ItemGroup>
  <ItemGroup>
    <ClCompile Include="main.cpp">
      <Filter>源文件</Filter>
    </ClCompile>
    <ClCompile Include="Object.cpp">
      <Filter>源文件</Filter>
    </ClCompile>
    <ClCompile Include="Map.cpp">
      <Filter>源文件</Filter>
    </ClCompile>
    <ClCompile Include="IdCreater.cpp">
      <Filter>源文件</Filter>
    </ClCompile>
    <ClCompile Include="cmdCreater.cpp">
      <Filter>源文件</Filter>
    </ClCompile>
    <ClCompile Include="bullet.cpp">
      <Filter>源文件</Filter>
    </ClCompile>
    <ClCompile Include="GameControl.cpp">
      <Filter>源文件</Filter>
    </ClCompile>
    <ClCompile Include="enemyTank.cpp">
      <Filter>源文件</Filter>
    </ClCompile>
    <ClCompile Include="playerTank.cpp">
      <Filter>源文件</Filter>
    </ClCompile>
  </ItemGroup>
  <ItemGroup>
    <ClInclude Include="GameControl.h">
      <Filter>头文件</Filter>
    </ClInclude>
    <ClInclude Include="baseStruct.h">
      <Filter>头文件</Filter>
    </ClInclude>
    <ClInclude Include="Object.h">
      <Filter>头文件</Filter>
    </ClInclude>
    <ClInclude Include="READMEtxt">
      <Filter>资源文件</Filter>
    </ClInclude>
    <ClInclude Include="bullet.h">
      <Filter>头文件\坦克相关类</Filter>
    </ClInclude>
    <ClInclude Include="enemyTank.h">
      <Filter>头文件\坦克相关类</Filter>
    </ClInclude>
    <ClInclude Include="playerTank.h">
      <Filter>头文件\坦克相关类</Filter>
    </ClInclude>
    <ClInclude Include="Map.h">
      <Filter>头文件\生成器</Filter>
    </ClInclude>
    <ClInclude Include="cmdCreater.h">
      <Filter>头文件\生成器</Filter>
    </ClInclude>
    <ClInclude Include="IdCreater.h">
      <Filter>头文件\生成器</Filter>
    </ClInclude>
  </ItemGroup>
  <ItemGroup>
    <Text Include="map_1.txt">
      <Filter>资源文件</Filter>
    </Text>
    <Text Include="调试日志.txt">
      <Filter>资源文件</Filter>
    </Text>
  </ItemGroup>
  <ItemGroup>
    <Image Include="确定子弹与地图元素.png">
      <Filter>资源文件</Filter>
    </Image>
    <Image Include="p_enemy.jpg">
      <Filter>资源文件\图片资源</Filter>
    </Image>
    <Image Include="p_enemybullet.jpg">
      <Filter>资源文件\图片资源</Filter>
    </Image>
    <Image Include="p_player.jpg">
      <Filter>资源文件\图片资源</Filter>
    </Image>
    <Image Include="p_playerbullet.jpg">
      <Filter>资源文件\图片资源</Filter>
    </Image>
    <Image Include="p_strongwall.jpg">
      <Filter>资源文件\图片资源</Filter>
    </Image>
    <Image Include="p_wall.jpg">
      <Filter>资源文件\图片资源</Filter>
    </Image>
    <Image Include="p_enemy_w.jpg">
      <Filter>资源文件\图片资源</Filter>
    </Image>
    <Image Include="p_enemy_s.jpg">
      <Filter>资源文件\图片资源</Filter>
    </Image>
    <Image Include="p_enemy_d.jpg">
      <Filter>资源文件\图片资源</Filter>
    </Image>
    <Image Include="p_enemy_a.jpg">
      <Filter>资源文件\图片资源</Filter>
    </Image>
    <Image Include="playerbase.jpg">
      <Filter>资源文件\图片资源</Filter>
    </Image>
  </ItemGroup>
</Project>